// !$*UTF8*$!
{
	archiveVersion = 1;
	classes = {
	};
	objectVersion = 70;
	objects = {

/* Begin PBXBuildFile section */
		AA888CC82C86AC1700332E89 /* AppDelegate.swift in Sources */ = {isa = PBXBuildFile; fileRef = AA888CC72C86AC1700332E89 /* AppDelegate.swift */; };
		AA888CCA2C86AC1700332E89 /* SceneDelegate.swift in Sources */ = {isa = PBXBuildFile; fileRef = AA888CC92C86AC1700332E89 /* SceneDelegate.swift */; };
		AA888CCC2C86AC1700332E89 /* ViewController.swift in Sources */ = {isa = PBXBuildFile; fileRef = AA888CCB2C86AC1700332E89 /* ViewController.swift */; };
		AA888CCF2C86AC1700332E89 /* Base in Resources */ = {isa = PBXBuildFile; fileRef = AA888CCE2C86AC1700332E89 /* Base */; };
		AA888CD12C86AC1A00332E89 /* Assets.xcassets in Resources */ = {isa = PBXBuildFile; fileRef = AA888CD02C86AC1A00332E89 /* Assets.xcassets */; };
		AA888CD42C86AC1A00332E89 /* Base in Resources */ = {isa = PBXBuildFile; fileRef = AA888CD32C86AC1A00332E89 /* Base */; };
		AA888CDF2C86AC1A00332E89 /* YuGiOhVIPTests.swift in Sources */ = {isa = PBXBuildFile; fileRef = AA888CDE2C86AC1A00332E89 /* YuGiOhVIPTests.swift */; };
		AA888CE92C86AC1A00332E89 /* YuGiOhVIPUITests.swift in Sources */ = {isa = PBXBuildFile; fileRef = AA888CE82C86AC1A00332E89 /* YuGiOhVIPUITests.swift */; };
		AA888CEB2C86AC1A00332E89 /* YuGiOhVIPUITestsLaunchTests.swift in Sources */ = {isa = PBXBuildFile; fileRef = AA888CEA2C86AC1A00332E89 /* YuGiOhVIPUITestsLaunchTests.swift */; };
		AA888CFA2C86AD4F00332E89 /* Image+Extension.swift in Sources */ = {isa = PBXBuildFile; fileRef = AA888CF92C86AD4F00332E89 /* Image+Extension.swift */; };
		AA9649092CA4682A00BD3C20 /* MonstersCardsViewControllerExtension.swift in Sources */ = {isa = PBXBuildFile; fileRef = AA9649082CA4682A00BD3C20 /* MonstersCardsViewControllerExtension.swift */; };
		AA96490B2CA4684D00BD3C20 /* MonstersCardsViewController.xib in Resources */ = {isa = PBXBuildFile; fileRef = AA96490A2CA4684D00BD3C20 /* MonstersCardsViewController.xib */; };
		AA9F1E882C88F9100078A805 /* ModelCards.swift in Sources */ = {isa = PBXBuildFile; fileRef = AA9F1E872C88F9100078A805 /* ModelCards.swift */; };
		AA9F1E8B2C88F9480078A805 /* TapBarController.swift in Sources */ = {isa = PBXBuildFile; fileRef = AA9F1E8A2C88F9480078A805 /* TapBarController.swift */; };
		AA9F1E8E2C88F9910078A805 /* CardsWebService.swift in Sources */ = {isa = PBXBuildFile; fileRef = AA9F1E8D2C88F9910078A805 /* CardsWebService.swift */; };
		AA9F1E902C88F9A70078A805 /* ErrorsWebService.swift in Sources */ = {isa = PBXBuildFile; fileRef = AA9F1E8F2C88F9A70078A805 /* ErrorsWebService.swift */; };
		AA9F1E932C88F9C00078A805 /* CardsPaths.swift in Sources */ = {isa = PBXBuildFile; fileRef = AA9F1E922C88F9C00078A805 /* CardsPaths.swift */; };
		AA9F1E952C88F9D70078A805 /* CardsUrlConfiguration.swift in Sources */ = {isa = PBXBuildFile; fileRef = AA9F1E942C88F9D70078A805 /* CardsUrlConfiguration.swift */; };
		AA9F1EA62C88FDAA0078A805 /* String+Extension.swift in Sources */ = {isa = PBXBuildFile; fileRef = AA9F1EA52C88FDAA0078A805 /* String+Extension.swift */; };
		AA9F1EAA2C88FDCF0078A805 /* View+Extension.swift in Sources */ = {isa = PBXBuildFile; fileRef = AA9F1EA92C88FDCF0078A805 /* View+Extension.swift */; };
		AA9F1EAE2C88FE000078A805 /* TableViewCell+Extension.swift in Sources */ = {isa = PBXBuildFile; fileRef = AA9F1EAD2C88FE000078A805 /* TableViewCell+Extension.swift */; };
		AAC2AFF02CA25AAC00123BDE /* MonsterCardsCollectionViewCell.swift in Sources */ = {isa = PBXBuildFile; fileRef = AAC2AFEE2CA25AAC00123BDE /* MonsterCardsCollectionViewCell.swift */; };
		AAC2AFF12CA25AAC00123BDE /* MonsterCardsCollectionViewCell.xib in Resources */ = {isa = PBXBuildFile; fileRef = AAC2AFEF2CA25AAC00123BDE /* MonsterCardsCollectionViewCell.xib */; };
		AAC2AFF92CA25BC600123BDE /* MonstersCardsPresenter.swift in Sources */ = {isa = PBXBuildFile; fileRef = AAC2AFF42CA25BC600123BDE /* MonstersCardsPresenter.swift */; };
		AAC2AFFA2CA25BC600123BDE /* MonstersCardsRouter.swift in Sources */ = {isa = PBXBuildFile; fileRef = AAC2AFF52CA25BC600123BDE /* MonstersCardsRouter.swift */; };
		AAC2AFFB2CA25BC600123BDE /* MonstersCardsViewController.swift in Sources */ = {isa = PBXBuildFile; fileRef = AAC2AFF62CA25BC600123BDE /* MonstersCardsViewController.swift */; };
		AAC2AFFC2CA25BC600123BDE /* MonstersCardsProtocols.swift in Sources */ = {isa = PBXBuildFile; fileRef = AAC2AFF72CA25BC600123BDE /* MonstersCardsProtocols.swift */; };
		AAC2AFFD2CA25BC600123BDE /* MonstersCardsInteractor.swift in Sources */ = {isa = PBXBuildFile; fileRef = AAC2AFF82CA25BC600123BDE /* MonstersCardsInteractor.swift */; };
		AAD82A0E2C92205900FCC251 /* DetailCardPresenter.swift in Sources */ = {isa = PBXBuildFile; fileRef = AAD82A092C92205900FCC251 /* DetailCardPresenter.swift */; };
		AAD82A0F2C92205900FCC251 /* DetailCardRouter.swift in Sources */ = {isa = PBXBuildFile; fileRef = AAD82A0A2C92205900FCC251 /* DetailCardRouter.swift */; };
		AAD82A102C92205900FCC251 /* DetailCardViewController.swift in Sources */ = {isa = PBXBuildFile; fileRef = AAD82A0B2C92205900FCC251 /* DetailCardViewController.swift */; };
		AAD82A112C92205900FCC251 /* DetailCardProtocols.swift in Sources */ = {isa = PBXBuildFile; fileRef = AAD82A0C2C92205900FCC251 /* DetailCardProtocols.swift */; };
		AAD82A122C92205900FCC251 /* DetailCardInteractor.swift in Sources */ = {isa = PBXBuildFile; fileRef = AAD82A0D2C92205900FCC251 /* DetailCardInteractor.swift */; };
/* End PBXBuildFile section */

/* Begin PBXContainerItemProxy section */
		AA888CDB2C86AC1A00332E89 /* PBXContainerItemProxy */ = {
			isa = PBXContainerItemProxy;
			containerPortal = AA888CBC2C86AC1700332E89 /* Project object */;
			proxyType = 1;
			remoteGlobalIDString = AA888CC32C86AC1700332E89;
			remoteInfo = YuGiOhVIP;
		};
		AA888CE52C86AC1A00332E89 /* PBXContainerItemProxy */ = {
			isa = PBXContainerItemProxy;
			containerPortal = AA888CBC2C86AC1700332E89 /* Project object */;
			proxyType = 1;
			remoteGlobalIDString = AA888CC32C86AC1700332E89;
			remoteInfo = YuGiOhVIP;
		};
/* End PBXContainerItemProxy section */

/* Begin PBXFileReference section */
		AA888CC42C86AC1700332E89 /* YuGiOhVIP.app */ = {isa = PBXFileReference; explicitFileType = wrapper.application; includeInIndex = 0; path = YuGiOhVIP.app; sourceTree = BUILT_PRODUCTS_DIR; };
		AA888CC72C86AC1700332E89 /* AppDelegate.swift */ = {isa = PBXFileReference; lastKnownFileType = sourcecode.swift; path = AppDelegate.swift; sourceTree = "<group>"; };
		AA888CC92C86AC1700332E89 /* SceneDelegate.swift */ = {isa = PBXFileReference; lastKnownFileType = sourcecode.swift; path = SceneDelegate.swift; sourceTree = "<group>"; };
		AA888CCB2C86AC1700332E89 /* ViewController.swift */ = {isa = PBXFileReference; lastKnownFileType = sourcecode.swift; path = ViewController.swift; sourceTree = "<group>"; };
		AA888CCE2C86AC1700332E89 /* Base */ = {isa = PBXFileReference; lastKnownFileType = file.storyboard; name = Base; path = Base.lproj/Main.storyboard; sourceTree = "<group>"; };
		AA888CD02C86AC1A00332E89 /* Assets.xcassets */ = {isa = PBXFileReference; lastKnownFileType = folder.assetcatalog; path = Assets.xcassets; sourceTree = "<group>"; };
		AA888CD32C86AC1A00332E89 /* Base */ = {isa = PBXFileReference; lastKnownFileType = file.storyboard; name = Base; path = Base.lproj/LaunchScreen.storyboard; sourceTree = "<group>"; };
		AA888CD52C86AC1A00332E89 /* Info.plist */ = {isa = PBXFileReference; lastKnownFileType = text.plist.xml; path = Info.plist; sourceTree = "<group>"; };
		AA888CDA2C86AC1A00332E89 /* YuGiOhVIPTests.xctest */ = {isa = PBXFileReference; explicitFileType = wrapper.cfbundle; includeInIndex = 0; path = YuGiOhVIPTests.xctest; sourceTree = BUILT_PRODUCTS_DIR; };
		AA888CDE2C86AC1A00332E89 /* YuGiOhVIPTests.swift */ = {isa = PBXFileReference; lastKnownFileType = sourcecode.swift; path = YuGiOhVIPTests.swift; sourceTree = "<group>"; };
		AA888CE42C86AC1A00332E89 /* YuGiOhVIPUITests.xctest */ = {isa = PBXFileReference; explicitFileType = wrapper.cfbundle; includeInIndex = 0; path = YuGiOhVIPUITests.xctest; sourceTree = BUILT_PRODUCTS_DIR; };
		AA888CE82C86AC1A00332E89 /* YuGiOhVIPUITests.swift */ = {isa = PBXFileReference; lastKnownFileType = sourcecode.swift; path = YuGiOhVIPUITests.swift; sourceTree = "<group>"; };
		AA888CEA2C86AC1A00332E89 /* YuGiOhVIPUITestsLaunchTests.swift */ = {isa = PBXFileReference; lastKnownFileType = sourcecode.swift; path = YuGiOhVIPUITestsLaunchTests.swift; sourceTree = "<group>"; };
		AA888CF92C86AD4F00332E89 /* Image+Extension.swift */ = {isa = PBXFileReference; lastKnownFileType = sourcecode.swift; path = "Image+Extension.swift"; sourceTree = "<group>"; };
		AA9649082CA4682A00BD3C20 /* MonstersCardsViewControllerExtension.swift */ = {isa = PBXFileReference; lastKnownFileType = sourcecode.swift; path = MonstersCardsViewControllerExtension.swift; sourceTree = "<group>"; };
		AA96490A2CA4684D00BD3C20 /* MonstersCardsViewController.xib */ = {isa = PBXFileReference; lastKnownFileType = file.xib; path = MonstersCardsViewController.xib; sourceTree = "<group>"; };
		AA9F1E872C88F9100078A805 /* ModelCards.swift */ = {isa = PBXFileReference; lastKnownFileType = sourcecode.swift; path = ModelCards.swift; sourceTree = "<group>"; };
		AA9F1E8A2C88F9480078A805 /* TapBarController.swift */ = {isa = PBXFileReference; lastKnownFileType = sourcecode.swift; path = TapBarController.swift; sourceTree = "<group>"; };
		AA9F1E8D2C88F9910078A805 /* CardsWebService.swift */ = {isa = PBXFileReference; lastKnownFileType = sourcecode.swift; path = CardsWebService.swift; sourceTree = "<group>"; };
		AA9F1E8F2C88F9A70078A805 /* ErrorsWebService.swift */ = {isa = PBXFileReference; lastKnownFileType = sourcecode.swift; path = ErrorsWebService.swift; sourceTree = "<group>"; };
		AA9F1E922C88F9C00078A805 /* CardsPaths.swift */ = {isa = PBXFileReference; lastKnownFileType = sourcecode.swift; path = CardsPaths.swift; sourceTree = "<group>"; };
		AA9F1E942C88F9D70078A805 /* CardsUrlConfiguration.swift */ = {isa = PBXFileReference; lastKnownFileType = sourcecode.swift; path = CardsUrlConfiguration.swift; sourceTree = "<group>"; };
		AA9F1EA52C88FDAA0078A805 /* String+Extension.swift */ = {isa = PBXFileReference; lastKnownFileType = sourcecode.swift; path = "String+Extension.swift"; sourceTree = "<group>"; };
		AA9F1EA92C88FDCF0078A805 /* View+Extension.swift */ = {isa = PBXFileReference; lastKnownFileType = sourcecode.swift; path = "View+Extension.swift"; sourceTree = "<group>"; };
		AA9F1EAD2C88FE000078A805 /* TableViewCell+Extension.swift */ = {isa = PBXFileReference; lastKnownFileType = sourcecode.swift; path = "TableViewCell+Extension.swift"; sourceTree = "<group>"; };
		AAC2AFEE2CA25AAC00123BDE /* MonsterCardsCollectionViewCell.swift */ = {isa = PBXFileReference; lastKnownFileType = sourcecode.swift; path = MonsterCardsCollectionViewCell.swift; sourceTree = "<group>"; };
		AAC2AFEF2CA25AAC00123BDE /* MonsterCardsCollectionViewCell.xib */ = {isa = PBXFileReference; lastKnownFileType = file.xib; path = MonsterCardsCollectionViewCell.xib; sourceTree = "<group>"; };
		AAC2AFF42CA25BC600123BDE /* MonstersCardsPresenter.swift */ = {isa = PBXFileReference; lastKnownFileType = sourcecode.swift; path = MonstersCardsPresenter.swift; sourceTree = "<group>"; };
		AAC2AFF52CA25BC600123BDE /* MonstersCardsRouter.swift */ = {isa = PBXFileReference; lastKnownFileType = sourcecode.swift; path = MonstersCardsRouter.swift; sourceTree = "<group>"; };
		AAC2AFF62CA25BC600123BDE /* MonstersCardsViewController.swift */ = {isa = PBXFileReference; lastKnownFileType = sourcecode.swift; path = MonstersCardsViewController.swift; sourceTree = "<group>"; };
		AAC2AFF72CA25BC600123BDE /* MonstersCardsProtocols.swift */ = {isa = PBXFileReference; lastKnownFileType = sourcecode.swift; path = MonstersCardsProtocols.swift; sourceTree = "<group>"; };
		AAC2AFF82CA25BC600123BDE /* MonstersCardsInteractor.swift */ = {isa = PBXFileReference; lastKnownFileType = sourcecode.swift; path = MonstersCardsInteractor.swift; sourceTree = "<group>"; };
		AAD82A092C92205900FCC251 /* DetailCardPresenter.swift */ = {isa = PBXFileReference; lastKnownFileType = sourcecode.swift; path = DetailCardPresenter.swift; sourceTree = "<group>"; };
		AAD82A0A2C92205900FCC251 /* DetailCardRouter.swift */ = {isa = PBXFileReference; lastKnownFileType = sourcecode.swift; path = DetailCardRouter.swift; sourceTree = "<group>"; };
		AAD82A0B2C92205900FCC251 /* DetailCardViewController.swift */ = {isa = PBXFileReference; lastKnownFileType = sourcecode.swift; path = DetailCardViewController.swift; sourceTree = "<group>"; };
		AAD82A0C2C92205900FCC251 /* DetailCardProtocols.swift */ = {isa = PBXFileReference; lastKnownFileType = sourcecode.swift; path = DetailCardProtocols.swift; sourceTree = "<group>"; };
		AAD82A0D2C92205900FCC251 /* DetailCardInteractor.swift */ = {isa = PBXFileReference; lastKnownFileType = sourcecode.swift; path = DetailCardInteractor.swift; sourceTree = "<group>"; };
/* End PBXFileReference section */

/* Begin PBXFileSystemSynchronizedRootGroup section */
		AA96490C2CA4787E00BD3C20 /* ViewController */ = {isa = PBXFileSystemSynchronizedRootGroup; explicitFileTypes = {}; explicitFolders = (); path = ViewController; sourceTree = "<group>"; };
		AA96490F2CA492F200BD3C20 /* UICollectionView */ = {isa = PBXFileSystemSynchronizedRootGroup; explicitFileTypes = {}; explicitFolders = (); path = UICollectionView; sourceTree = "<group>"; };
/* End PBXFileSystemSynchronizedRootGroup section */

/* Begin PBXFrameworksBuildPhase section */
		AA888CC12C86AC1700332E89 /* Frameworks */ = {
			isa = PBXFrameworksBuildPhase;
			buildActionMask = 2147483647;
			files = (
			);
			runOnlyForDeploymentPostprocessing = 0;
		};
		AA888CD72C86AC1A00332E89 /* Frameworks */ = {
			isa = PBXFrameworksBuildPhase;
			buildActionMask = 2147483647;
			files = (
			);
			runOnlyForDeploymentPostprocessing = 0;
		};
		AA888CE12C86AC1A00332E89 /* Frameworks */ = {
			isa = PBXFrameworksBuildPhase;
			buildActionMask = 2147483647;
			files = (
			);
			runOnlyForDeploymentPostprocessing = 0;
		};
/* End PBXFrameworksBuildPhase section */

/* Begin PBXGroup section */
		AA888CBB2C86AC1700332E89 = {
			isa = PBXGroup;
			children = (
				AA888CC62C86AC1700332E89 /* YuGiOhVIP */,
				AA888CDD2C86AC1A00332E89 /* YuGiOhVIPTests */,
				AA888CE72C86AC1A00332E89 /* YuGiOhVIPUITests */,
				AA888CC52C86AC1700332E89 /* Products */,
			);
			sourceTree = "<group>";
		};
		AA888CC52C86AC1700332E89 /* Products */ = {
			isa = PBXGroup;
			children = (
				AA888CC42C86AC1700332E89 /* YuGiOhVIP.app */,
				AA888CDA2C86AC1A00332E89 /* YuGiOhVIPTests.xctest */,
				AA888CE42C86AC1A00332E89 /* YuGiOhVIPUITests.xctest */,
			);
			name = Products;
			sourceTree = "<group>";
		};
		AA888CC62C86AC1700332E89 /* YuGiOhVIP */ = {
			isa = PBXGroup;
			children = (
				AA9F1E862C88F8F50078A805 /* ModelCards */,
				AA9F1E892C88F92E0078A805 /* TapBarController */,
				AA888CF72C86AD2E00332E89 /* Extension */,
				AA9F1E8C2C88F9680078A805 /* Services */,
				AA9F1E962C88F9F70078A805 /* Views */,
				AA9F1E982C88FA5C0078A805 /* Modules */,
				AA888CC72C86AC1700332E89 /* AppDelegate.swift */,
				AA888CC92C86AC1700332E89 /* SceneDelegate.swift */,
				AA888CCB2C86AC1700332E89 /* ViewController.swift */,
				AA888CCD2C86AC1700332E89 /* Main.storyboard */,
				AA888CD02C86AC1A00332E89 /* Assets.xcassets */,
				AA888CD22C86AC1A00332E89 /* LaunchScreen.storyboard */,
				AA888CD52C86AC1A00332E89 /* Info.plist */,
			);
			path = YuGiOhVIP;
			sourceTree = "<group>";
		};
		AA888CDD2C86AC1A00332E89 /* YuGiOhVIPTests */ = {
			isa = PBXGroup;
			children = (
				AA888CDE2C86AC1A00332E89 /* YuGiOhVIPTests.swift */,
			);
			path = YuGiOhVIPTests;
			sourceTree = "<group>";
		};
		AA888CE72C86AC1A00332E89 /* YuGiOhVIPUITests */ = {
			isa = PBXGroup;
			children = (
				AA888CE82C86AC1A00332E89 /* YuGiOhVIPUITests.swift */,
				AA888CEA2C86AC1A00332E89 /* YuGiOhVIPUITestsLaunchTests.swift */,
			);
			path = YuGiOhVIPUITests;
			sourceTree = "<group>";
		};
		AA888CF72C86AD2E00332E89 /* Extension */ = {
			isa = PBXGroup;
			children = (
				AA96490F2CA492F200BD3C20 /* UICollectionView */,
				AA96490C2CA4787E00BD3C20 /* ViewController */,
				AA9F1EAB2C88FDD90078A805 /* TableViewCell */,
				AA9F1EA72C88FDB40078A805 /* View */,
				AA9F1EA42C88FD7B0078A805 /* String */,
				AA888CF82C86AD3500332E89 /* Image */,
			);
			path = Extension;
			sourceTree = "<group>";
		};
		AA888CF82C86AD3500332E89 /* Image */ = {
			isa = PBXGroup;
			children = (
				AA888CF92C86AD4F00332E89 /* Image+Extension.swift */,
			);
			path = Image;
			sourceTree = "<group>";
		};
		AA9F1E862C88F8F50078A805 /* ModelCards */ = {
			isa = PBXGroup;
			children = (
				AA9F1E872C88F9100078A805 /* ModelCards.swift */,
			);
			path = ModelCards;
			sourceTree = "<group>";
		};
		AA9F1E892C88F92E0078A805 /* TapBarController */ = {
			isa = PBXGroup;
			children = (
				AA9F1E8A2C88F9480078A805 /* TapBarController.swift */,
			);
			path = TapBarController;
			sourceTree = "<group>";
		};
		AA9F1E8C2C88F9680078A805 /* Services */ = {
			isa = PBXGroup;
			children = (
				AA9F1E8D2C88F9910078A805 /* CardsWebService.swift */,
				AA9F1E8F2C88F9A70078A805 /* ErrorsWebService.swift */,
				AA9F1E922C88F9C00078A805 /* CardsPaths.swift */,
				AA9F1E942C88F9D70078A805 /* CardsUrlConfiguration.swift */,
			);
			path = Services;
			sourceTree = "<group>";
		};
		AA9F1E962C88F9F70078A805 /* Views */ = {
			isa = PBXGroup;
			children = (
				AAC2AFEB2CA2589D00123BDE /* MonsterCardsCollectionViewCell */,
			);
			path = Views;
			sourceTree = "<group>";
		};
		AA9F1E982C88FA5C0078A805 /* Modules */ = {
			isa = PBXGroup;
			children = (
				AAC2AFF22CA25B5C00123BDE /* MonstersCards */,
				AA9F1E992C88FA7B0078A805 /* DetailCard */,
			);
			path = Modules;
			sourceTree = "<group>";
		};
		AA9F1E992C88FA7B0078A805 /* DetailCard */ = {
			isa = PBXGroup;
			children = (
				AAD82A092C92205900FCC251 /* DetailCardPresenter.swift */,
				AAD82A0A2C92205900FCC251 /* DetailCardRouter.swift */,
				AAD82A0B2C92205900FCC251 /* DetailCardViewController.swift */,
				AAD82A0C2C92205900FCC251 /* DetailCardProtocols.swift */,
				AAD82A0D2C92205900FCC251 /* DetailCardInteractor.swift */,
			);
			path = DetailCard;
			sourceTree = "<group>";
		};
		AA9F1EA42C88FD7B0078A805 /* String */ = {
			isa = PBXGroup;
			children = (
				AA9F1EA52C88FDAA0078A805 /* String+Extension.swift */,
			);
			path = String;
			sourceTree = "<group>";
		};
		AA9F1EA72C88FDB40078A805 /* View */ = {
			isa = PBXGroup;
			children = (
				AA9F1EA92C88FDCF0078A805 /* View+Extension.swift */,
			);
			path = View;
			sourceTree = "<group>";
		};
		AA9F1EAB2C88FDD90078A805 /* TableViewCell */ = {
			isa = PBXGroup;
			children = (
				AA9F1EAD2C88FE000078A805 /* TableViewCell+Extension.swift */,
			);
			path = TableViewCell;
			sourceTree = "<group>";
		};
		AAC2AFEB2CA2589D00123BDE /* MonsterCardsCollectionViewCell */ = {
			isa = PBXGroup;
			children = (
				AAC2AFEE2CA25AAC00123BDE /* MonsterCardsCollectionViewCell.swift */,
				AAC2AFEF2CA25AAC00123BDE /* MonsterCardsCollectionViewCell.xib */,
			);
			path = MonsterCardsCollectionViewCell;
			sourceTree = "<group>";
		};
		AAC2AFF22CA25B5C00123BDE /* MonstersCards */ = {
			isa = PBXGroup;
			children = (
				AAC2AFFE2CA25BCC00123BDE /* View */,
				AAC2AFFF2CA25BD600123BDE /* Interactor */,
				AAC2B0002CA25BDE00123BDE /* Protocols */,
				AAC2B0012CA25BE700123BDE /* Presenter */,
				AAC2B0032CA25BFD00123BDE /* Entity */,
				AAC2B0042CA25C0100123BDE /* Router */,
			);
			path = MonstersCards;
			sourceTree = "<group>";
		};
		AAC2AFFE2CA25BCC00123BDE /* View */ = {
			isa = PBXGroup;
			children = (
				AAC2AFF62CA25BC600123BDE /* MonstersCardsViewController.swift */,
				AA9649082CA4682A00BD3C20 /* MonstersCardsViewControllerExtension.swift */,
				AA96490A2CA4684D00BD3C20 /* MonstersCardsViewController.xib */,
			);
			path = View;
			sourceTree = "<group>";
		};
		AAC2AFFF2CA25BD600123BDE /* Interactor */ = {
			isa = PBXGroup;
			children = (
				AAC2AFF82CA25BC600123BDE /* MonstersCardsInteractor.swift */,
			);
			path = Interactor;
			sourceTree = "<group>";
		};
		AAC2B0002CA25BDE00123BDE /* Protocols */ = {
			isa = PBXGroup;
			children = (
				AAC2AFF72CA25BC600123BDE /* MonstersCardsProtocols.swift */,
			);
			path = Protocols;
			sourceTree = "<group>";
		};
		AAC2B0012CA25BE700123BDE /* Presenter */ = {
			isa = PBXGroup;
			children = (
				AAC2AFF42CA25BC600123BDE /* MonstersCardsPresenter.swift */,
			);
			path = Presenter;
			sourceTree = "<group>";
		};
		AAC2B0032CA25BFD00123BDE /* Entity */ = {
			isa = PBXGroup;
			children = (
			);
			path = Entity;
			sourceTree = "<group>";
		};
		AAC2B0042CA25C0100123BDE /* Router */ = {
			isa = PBXGroup;
			children = (
				AAC2AFF52CA25BC600123BDE /* MonstersCardsRouter.swift */,
			);
			path = Router;
			sourceTree = "<group>";
		};
/* End PBXGroup section */

/* Begin PBXNativeTarget section */
		AA888CC32C86AC1700332E89 /* YuGiOhVIP */ = {
			isa = PBXNativeTarget;
			buildConfigurationList = AA888CEE2C86AC1A00332E89 /* Build configuration list for PBXNativeTarget "YuGiOhVIP" */;
			buildPhases = (
				AA888CC02C86AC1700332E89 /* Sources */,
				AA888CC12C86AC1700332E89 /* Frameworks */,
				AA888CC22C86AC1700332E89 /* Resources */,
			);
			buildRules = (
			);
			dependencies = (
			);
			fileSystemSynchronizedGroups = (
				AA96490C2CA4787E00BD3C20 /* ViewController */,
				AA96490F2CA492F200BD3C20 /* UICollectionView */,
			);
			name = YuGiOhVIP;
			productName = YuGiOhVIP;
			productReference = AA888CC42C86AC1700332E89 /* YuGiOhVIP.app */;
			productType = "com.apple.product-type.application";
		};
		AA888CD92C86AC1A00332E89 /* YuGiOhVIPTests */ = {
			isa = PBXNativeTarget;
			buildConfigurationList = AA888CF12C86AC1A00332E89 /* Build configuration list for PBXNativeTarget "YuGiOhVIPTests" */;
			buildPhases = (
				AA888CD62C86AC1A00332E89 /* Sources */,
				AA888CD72C86AC1A00332E89 /* Frameworks */,
				AA888CD82C86AC1A00332E89 /* Resources */,
			);
			buildRules = (
			);
			dependencies = (
				AA888CDC2C86AC1A00332E89 /* PBXTargetDependency */,
			);
			name = YuGiOhVIPTests;
			productName = YuGiOhVIPTests;
			productReference = AA888CDA2C86AC1A00332E89 /* YuGiOhVIPTests.xctest */;
			productType = "com.apple.product-type.bundle.unit-test";
		};
		AA888CE32C86AC1A00332E89 /* YuGiOhVIPUITests */ = {
			isa = PBXNativeTarget;
			buildConfigurationList = AA888CF42C86AC1A00332E89 /* Build configuration list for PBXNativeTarget "YuGiOhVIPUITests" */;
			buildPhases = (
				AA888CE02C86AC1A00332E89 /* Sources */,
				AA888CE12C86AC1A00332E89 /* Frameworks */,
				AA888CE22C86AC1A00332E89 /* Resources */,
			);
			buildRules = (
			);
			dependencies = (
				AA888CE62C86AC1A00332E89 /* PBXTargetDependency */,
			);
			name = YuGiOhVIPUITests;
			productName = YuGiOhVIPUITests;
			productReference = AA888CE42C86AC1A00332E89 /* YuGiOhVIPUITests.xctest */;
			productType = "com.apple.product-type.bundle.ui-testing";
		};
/* End PBXNativeTarget section */

/* Begin PBXProject section */
		AA888CBC2C86AC1700332E89 /* Project object */ = {
			isa = PBXProject;
			attributes = {
				BuildIndependentTargetsInParallel = 1;
				LastSwiftUpdateCheck = 1540;
				LastUpgradeCheck = 1600;
				TargetAttributes = {
					AA888CC32C86AC1700332E89 = {
						CreatedOnToolsVersion = 15.4;
					};
					AA888CD92C86AC1A00332E89 = {
						CreatedOnToolsVersion = 15.4;
						TestTargetID = AA888CC32C86AC1700332E89;
					};
					AA888CE32C86AC1A00332E89 = {
						CreatedOnToolsVersion = 15.4;
						TestTargetID = AA888CC32C86AC1700332E89;
					};
				};
			};
			buildConfigurationList = AA888CBF2C86AC1700332E89 /* Build configuration list for PBXProject "YuGiOhVIP" */;
			compatibilityVersion = "Xcode 14.0";
			developmentRegion = en;
			hasScannedForEncodings = 0;
			knownRegions = (
				en,
				Base,
			);
			mainGroup = AA888CBB2C86AC1700332E89;
			productRefGroup = AA888CC52C86AC1700332E89 /* Products */;
			projectDirPath = "";
			projectRoot = "";
			targets = (
				AA888CC32C86AC1700332E89 /* YuGiOhVIP */,
				AA888CD92C86AC1A00332E89 /* YuGiOhVIPTests */,
				AA888CE32C86AC1A00332E89 /* YuGiOhVIPUITests */,
			);
		};
/* End PBXProject section */

/* Begin PBXResourcesBuildPhase section */
		AA888CC22C86AC1700332E89 /* Resources */ = {
			isa = PBXResourcesBuildPhase;
			buildActionMask = 2147483647;
			files = (
				AA888CD12C86AC1A00332E89 /* Assets.xcassets in Resources */,
				AA888CD42C86AC1A00332E89 /* Base in Resources */,
				AA96490B2CA4684D00BD3C20 /* MonstersCardsViewController.xib in Resources */,
				AA888CCF2C86AC1700332E89 /* Base in Resources */,
				AAC2AFF12CA25AAC00123BDE /* MonsterCardsCollectionViewCell.xib in Resources */,
			);
			runOnlyForDeploymentPostprocessing = 0;
		};
		AA888CD82C86AC1A00332E89 /* Resources */ = {
			isa = PBXResourcesBuildPhase;
			buildActionMask = 2147483647;
			files = (
			);
			runOnlyForDeploymentPostprocessing = 0;
		};
		AA888CE22C86AC1A00332E89 /* Resources */ = {
			isa = PBXResourcesBuildPhase;
			buildActionMask = 2147483647;
			files = (
			);
			runOnlyForDeploymentPostprocessing = 0;
		};
/* End PBXResourcesBuildPhase section */

/* Begin PBXSourcesBuildPhase section */
		AA888CC02C86AC1700332E89 /* Sources */ = {
			isa = PBXSourcesBuildPhase;
			buildActionMask = 2147483647;
			files = (
				AA9649092CA4682A00BD3C20 /* MonstersCardsViewControllerExtension.swift in Sources */,
				AA9F1EAE2C88FE000078A805 /* TableViewCell+Extension.swift in Sources */,
				AA9F1E932C88F9C00078A805 /* CardsPaths.swift in Sources */,
				AA9F1EA62C88FDAA0078A805 /* String+Extension.swift in Sources */,
				AA9F1E8E2C88F9910078A805 /* CardsWebService.swift in Sources */,
				AA888CCC2C86AC1700332E89 /* ViewController.swift in Sources */,
				AA9F1E8B2C88F9480078A805 /* TapBarController.swift in Sources */,
				AA888CC82C86AC1700332E89 /* AppDelegate.swift in Sources */,
				AA9F1E882C88F9100078A805 /* ModelCards.swift in Sources */,
				AA9F1E902C88F9A70078A805 /* ErrorsWebService.swift in Sources */,
				AA888CCA2C86AC1700332E89 /* SceneDelegate.swift in Sources */,
				AA9F1E952C88F9D70078A805 /* CardsUrlConfiguration.swift in Sources */,
				AA9F1EAA2C88FDCF0078A805 /* View+Extension.swift in Sources */,
				AAC2AFF92CA25BC600123BDE /* MonstersCardsPresenter.swift in Sources */,
				AAC2AFFA2CA25BC600123BDE /* MonstersCardsRouter.swift in Sources */,
				AAC2AFFB2CA25BC600123BDE /* MonstersCardsViewController.swift in Sources */,
				AAC2AFFC2CA25BC600123BDE /* MonstersCardsProtocols.swift in Sources */,
				AAC2AFFD2CA25BC600123BDE /* MonstersCardsInteractor.swift in Sources */,
				AA888CFA2C86AD4F00332E89 /* Image+Extension.swift in Sources */,
				AAD82A0E2C92205900FCC251 /* DetailCardPresenter.swift in Sources */,
				AAD82A0F2C92205900FCC251 /* DetailCardRouter.swift in Sources */,
				AAD82A102C92205900FCC251 /* DetailCardViewController.swift in Sources */,
				AAD82A112C92205900FCC251 /* DetailCardProtocols.swift in Sources */,
				AAD82A122C92205900FCC251 /* DetailCardInteractor.swift in Sources */,
				AAC2AFF02CA25AAC00123BDE /* MonsterCardsCollectionViewCell.swift in Sources */,
			);
			runOnlyForDeploymentPostprocessing = 0;
		};
		AA888CD62C86AC1A00332E89 /* Sources */ = {
			isa = PBXSourcesBuildPhase;
			buildActionMask = 2147483647;
			files = (
				AA888CDF2C86AC1A00332E89 /* YuGiOhVIPTests.swift in Sources */,
			);
			runOnlyForDeploymentPostprocessing = 0;
		};
		AA888CE02C86AC1A00332E89 /* Sources */ = {
			isa = PBXSourcesBuildPhase;
			buildActionMask = 2147483647;
			files = (
				AA888CE92C86AC1A00332E89 /* YuGiOhVIPUITests.swift in Sources */,
				AA888CEB2C86AC1A00332E89 /* YuGiOhVIPUITestsLaunchTests.swift in Sources */,
			);
			runOnlyForDeploymentPostprocessing = 0;
		};
/* End PBXSourcesBuildPhase section */

/* Begin PBXTargetDependency section */
		AA888CDC2C86AC1A00332E89 /* PBXTargetDependency */ = {
			isa = PBXTargetDependency;
			target = AA888CC32C86AC1700332E89 /* YuGiOhVIP */;
			targetProxy = AA888CDB2C86AC1A00332E89 /* PBXContainerItemProxy */;
		};
		AA888CE62C86AC1A00332E89 /* PBXTargetDependency */ = {
			isa = PBXTargetDependency;
			target = AA888CC32C86AC1700332E89 /* YuGiOhVIP */;
			targetProxy = AA888CE52C86AC1A00332E89 /* PBXContainerItemProxy */;
		};
/* End PBXTargetDependency section */

/* Begin PBXVariantGroup section */
		AA888CCD2C86AC1700332E89 /* Main.storyboard */ = {
			isa = PBXVariantGroup;
			children = (
				AA888CCE2C86AC1700332E89 /* Base */,
			);
			name = Main.storyboard;
			sourceTree = "<group>";
		};
		AA888CD22C86AC1A00332E89 /* LaunchScreen.storyboard */ = {
			isa = PBXVariantGroup;
			children = (
				AA888CD32C86AC1A00332E89 /* Base */,
			);
			name = LaunchScreen.storyboard;
			sourceTree = "<group>";
		};
/* End PBXVariantGroup section */

/* Begin XCBuildConfiguration section */
		AA888CEC2C86AC1A00332E89 /* Debug */ = {
			isa = XCBuildConfiguration;
			buildSettings = {
				ALWAYS_SEARCH_USER_PATHS = NO;
				ASSETCATALOG_COMPILER_GENERATE_SWIFT_ASSET_SYMBOL_EXTENSIONS = YES;
				CLANG_ANALYZER_NONNULL = YES;
				CLANG_ANALYZER_NUMBER_OBJECT_CONVERSION = YES_AGGRESSIVE;
				CLANG_CXX_LANGUAGE_STANDARD = "gnu++20";
				CLANG_ENABLE_MODULES = YES;
				CLANG_ENABLE_OBJC_ARC = YES;
				CLANG_ENABLE_OBJC_WEAK = YES;
				CLANG_WARN_BLOCK_CAPTURE_AUTORELEASING = YES;
				CLANG_WARN_BOOL_CONVERSION = YES;
				CLANG_WARN_COMMA = YES;
				CLANG_WARN_CONSTANT_CONVERSION = YES;
				CLANG_WARN_DEPRECATED_OBJC_IMPLEMENTATIONS = YES;
				CLANG_WARN_DIRECT_OBJC_ISA_USAGE = YES_ERROR;
				CLANG_WARN_DOCUMENTATION_COMMENTS = YES;
				CLANG_WARN_EMPTY_BODY = YES;
				CLANG_WARN_ENUM_CONVERSION = YES;
				CLANG_WARN_INFINITE_RECURSION = YES;
				CLANG_WARN_INT_CONVERSION = YES;
				CLANG_WARN_NON_LITERAL_NULL_CONVERSION = YES;
				CLANG_WARN_OBJC_IMPLICIT_RETAIN_SELF = YES;
				CLANG_WARN_OBJC_LITERAL_CONVERSION = YES;
				CLANG_WARN_OBJC_ROOT_CLASS = YES_ERROR;
				CLANG_WARN_QUOTED_INCLUDE_IN_FRAMEWORK_HEADER = YES;
				CLANG_WARN_RANGE_LOOP_ANALYSIS = YES;
				CLANG_WARN_STRICT_PROTOTYPES = YES;
				CLANG_WARN_SUSPICIOUS_MOVE = YES;
				CLANG_WARN_UNGUARDED_AVAILABILITY = YES_AGGRESSIVE;
				CLANG_WARN_UNREACHABLE_CODE = YES;
				CLANG_WARN__DUPLICATE_METHOD_MATCH = YES;
				COPY_PHASE_STRIP = NO;
				DEBUG_INFORMATION_FORMAT = dwarf;
				ENABLE_STRICT_OBJC_MSGSEND = YES;
				ENABLE_TESTABILITY = YES;
				ENABLE_USER_SCRIPT_SANDBOXING = YES;
				GCC_C_LANGUAGE_STANDARD = gnu17;
				GCC_DYNAMIC_NO_PIC = NO;
				GCC_NO_COMMON_BLOCKS = YES;
				GCC_OPTIMIZATION_LEVEL = 0;
				GCC_PREPROCESSOR_DEFINITIONS = (
					"DEBUG=1",
					"$(inherited)",
				);
				GCC_WARN_64_TO_32_BIT_CONVERSION = YES;
				GCC_WARN_ABOUT_RETURN_TYPE = YES_ERROR;
				GCC_WARN_UNDECLARED_SELECTOR = YES;
				GCC_WARN_UNINITIALIZED_AUTOS = YES_AGGRESSIVE;
				GCC_WARN_UNUSED_FUNCTION = YES;
				GCC_WARN_UNUSED_VARIABLE = YES;
				IPHONEOS_DEPLOYMENT_TARGET = 14.0;
				LOCALIZATION_PREFERS_STRING_CATALOGS = YES;
				MTL_ENABLE_DEBUG_INFO = INCLUDE_SOURCE;
				MTL_FAST_MATH = YES;
				ONLY_ACTIVE_ARCH = YES;
				SDKROOT = iphoneos;
				SWIFT_ACTIVE_COMPILATION_CONDITIONS = "DEBUG $(inherited)";
				SWIFT_OPTIMIZATION_LEVEL = "-Onone";
			};
			name = Debug;
		};
		AA888CED2C86AC1A00332E89 /* Release */ = {
			isa = XCBuildConfiguration;
			buildSettings = {
				ALWAYS_SEARCH_USER_PATHS = NO;
				ASSETCATALOG_COMPILER_GENERATE_SWIFT_ASSET_SYMBOL_EXTENSIONS = YES;
				CLANG_ANALYZER_NONNULL = YES;
				CLANG_ANALYZER_NUMBER_OBJECT_CONVERSION = YES_AGGRESSIVE;
				CLANG_CXX_LANGUAGE_STANDARD = "gnu++20";
				CLANG_ENABLE_MODULES = YES;
				CLANG_ENABLE_OBJC_ARC = YES;
				CLANG_ENABLE_OBJC_WEAK = YES;
				CLANG_WARN_BLOCK_CAPTURE_AUTORELEASING = YES;
				CLANG_WARN_BOOL_CONVERSION = YES;
				CLANG_WARN_COMMA = YES;
				CLANG_WARN_CONSTANT_CONVERSION = YES;
				CLANG_WARN_DEPRECATED_OBJC_IMPLEMENTATIONS = YES;
				CLANG_WARN_DIRECT_OBJC_ISA_USAGE = YES_ERROR;
				CLANG_WARN_DOCUMENTATION_COMMENTS = YES;
				CLANG_WARN_EMPTY_BODY = YES;
				CLANG_WARN_ENUM_CONVERSION = YES;
				CLANG_WARN_INFINITE_RECURSION = YES;
				CLANG_WARN_INT_CONVERSION = YES;
				CLANG_WARN_NON_LITERAL_NULL_CONVERSION = YES;
				CLANG_WARN_OBJC_IMPLICIT_RETAIN_SELF = YES;
				CLANG_WARN_OBJC_LITERAL_CONVERSION = YES;
				CLANG_WARN_OBJC_ROOT_CLASS = YES_ERROR;
				CLANG_WARN_QUOTED_INCLUDE_IN_FRAMEWORK_HEADER = YES;
				CLANG_WARN_RANGE_LOOP_ANALYSIS = YES;
				CLANG_WARN_STRICT_PROTOTYPES = YES;
				CLANG_WARN_SUSPICIOUS_MOVE = YES;
				CLANG_WARN_UNGUARDED_AVAILABILITY = YES_AGGRESSIVE;
				CLANG_WARN_UNREACHABLE_CODE = YES;
				CLANG_WARN__DUPLICATE_METHOD_MATCH = YES;
				COPY_PHASE_STRIP = NO;
				DEBUG_INFORMATION_FORMAT = "dwarf-with-dsym";
				ENABLE_NS_ASSERTIONS = NO;
				ENABLE_STRICT_OBJC_MSGSEND = YES;
				ENABLE_USER_SCRIPT_SANDBOXING = YES;
				GCC_C_LANGUAGE_STANDARD = gnu17;
				GCC_NO_COMMON_BLOCKS = YES;
				GCC_WARN_64_TO_32_BIT_CONVERSION = YES;
				GCC_WARN_ABOUT_RETURN_TYPE = YES_ERROR;
				GCC_WARN_UNDECLARED_SELECTOR = YES;
				GCC_WARN_UNINITIALIZED_AUTOS = YES_AGGRESSIVE;
				GCC_WARN_UNUSED_FUNCTION = YES;
				GCC_WARN_UNUSED_VARIABLE = YES;
				IPHONEOS_DEPLOYMENT_TARGET = 14.0;
				LOCALIZATION_PREFERS_STRING_CATALOGS = YES;
				MTL_ENABLE_DEBUG_INFO = NO;
				MTL_FAST_MATH = YES;
				SDKROOT = iphoneos;
				SWIFT_COMPILATION_MODE = wholemodule;
				VALIDATE_PRODUCT = YES;
			};
			name = Release;
		};
		AA888CEF2C86AC1A00332E89 /* Debug */ = {
			isa = XCBuildConfiguration;
			buildSettings = {
				ASSETCATALOG_COMPILER_APPICON_NAME = AppIcon;
				ASSETCATALOG_COMPILER_GLOBAL_ACCENT_COLOR_NAME = AccentColor;
				CODE_SIGN_STYLE = Automatic;
				CURRENT_PROJECT_VERSION = 1;
				DEVELOPMENT_TEAM = XF4JK5557K;
				GENERATE_INFOPLIST_FILE = YES;
				INFOPLIST_FILE = YuGiOhVIP/Info.plist;
				INFOPLIST_KEY_UIApplicationSupportsIndirectInputEvents = YES;
				INFOPLIST_KEY_UILaunchStoryboardName = LaunchScreen;
				INFOPLIST_KEY_UIMainStoryboardFile = Main;
				INFOPLIST_KEY_UISupportedInterfaceOrientations_iPad = "UIInterfaceOrientationPortrait UIInterfaceOrientationPortraitUpsideDown UIInterfaceOrientationLandscapeLeft UIInterfaceOrientationLandscapeRight";
				INFOPLIST_KEY_UISupportedInterfaceOrientations_iPhone = "UIInterfaceOrientationPortrait UIInterfaceOrientationLandscapeLeft UIInterfaceOrientationLandscapeRight";
				IPHONEOS_DEPLOYMENT_TARGET = 14.0;
				LD_RUNPATH_SEARCH_PATHS = (
					"$(inherited)",
					"@executable_path/Frameworks",
				);
				MARKETING_VERSION = 1.0;
				PRODUCT_BUNDLE_IDENTIFIER = YuGiOhVIP.YuGiOhVIP;
				PRODUCT_NAME = "$(TARGET_NAME)";
				SUPPORTED_PLATFORMS = "iphoneos iphonesimulator";
				SUPPORTS_MACCATALYST = NO;
				SUPPORTS_MAC_DESIGNED_FOR_IPHONE_IPAD = NO;
				SUPPORTS_XR_DESIGNED_FOR_IPHONE_IPAD = NO;
				SWIFT_EMIT_LOC_STRINGS = YES;
				SWIFT_VERSION = 5.0;
				TARGETED_DEVICE_FAMILY = 1;
			};
			name = Debug;
		};
		AA888CF02C86AC1A00332E89 /* Release */ = {
			isa = XCBuildConfiguration;
			buildSettings = {
				ASSETCATALOG_COMPILER_APPICON_NAME = AppIcon;
				ASSETCATALOG_COMPILER_GLOBAL_ACCENT_COLOR_NAME = AccentColor;
				CODE_SIGN_STYLE = Automatic;
				CURRENT_PROJECT_VERSION = 1;
				DEVELOPMENT_TEAM = XF4JK5557K;
				GENERATE_INFOPLIST_FILE = YES;
				INFOPLIST_FILE = YuGiOhVIP/Info.plist;
				INFOPLIST_KEY_UIApplicationSupportsIndirectInputEvents = YES;
				INFOPLIST_KEY_UILaunchStoryboardName = LaunchScreen;
				INFOPLIST_KEY_UIMainStoryboardFile = Main;
				INFOPLIST_KEY_UISupportedInterfaceOrientations_iPad = "UIInterfaceOrientationPortrait UIInterfaceOrientationPortraitUpsideDown UIInterfaceOrientationLandscapeLeft UIInterfaceOrientationLandscapeRight";
				INFOPLIST_KEY_UISupportedInterfaceOrientations_iPhone = "UIInterfaceOrientationPortrait UIInterfaceOrientationLandscapeLeft UIInterfaceOrientationLandscapeRight";
				IPHONEOS_DEPLOYMENT_TARGET = 14.0;
				LD_RUNPATH_SEARCH_PATHS = (
					"$(inherited)",
					"@executable_path/Frameworks",
				);
				MARKETING_VERSION = 1.0;
				PRODUCT_BUNDLE_IDENTIFIER = YuGiOhVIP.YuGiOhVIP;
				PRODUCT_NAME = "$(TARGET_NAME)";
				SUPPORTED_PLATFORMS = "iphoneos iphonesimulator";
				SUPPORTS_MACCATALYST = NO;
				SUPPORTS_MAC_DESIGNED_FOR_IPHONE_IPAD = NO;
				SUPPORTS_XR_DESIGNED_FOR_IPHONE_IPAD = NO;
				SWIFT_EMIT_LOC_STRINGS = YES;
				SWIFT_VERSION = 5.0;
				TARGETED_DEVICE_FAMILY = 1;
			};
			name = Release;
		};
		AA888CF22C86AC1A00332E89 /* Debug */ = {
			isa = XCBuildConfiguration;
			buildSettings = {
				BUNDLE_LOADER = "$(TEST_HOST)";
				CODE_SIGN_STYLE = Automatic;
				CURRENT_PROJECT_VERSION = 1;
				DEVELOPMENT_TEAM = XF4JK5557K;
				GENERATE_INFOPLIST_FILE = YES;
				IPHONEOS_DEPLOYMENT_TARGET = 17.5;
				MARKETING_VERSION = 1.0;
				PRODUCT_BUNDLE_IDENTIFIER = YuGiOhVIP.YuGiOhVIPTests;
				PRODUCT_NAME = "$(TARGET_NAME)";
				SWIFT_EMIT_LOC_STRINGS = NO;
				SWIFT_VERSION = 5.0;
				TARGETED_DEVICE_FAMILY = "1,2";
				TEST_HOST = "$(BUILT_PRODUCTS_DIR)/YuGiOhVIP.app/$(BUNDLE_EXECUTABLE_FOLDER_PATH)/YuGiOhVIP";
			};
			name = Debug;
		};
		AA888CF32C86AC1A00332E89 /* Release */ = {
			isa = XCBuildConfiguration;
			buildSettings = {
				BUNDLE_LOADER = "$(TEST_HOST)";
				CODE_SIGN_STYLE = Automatic;
				CURRENT_PROJECT_VERSION = 1;
				DEVELOPMENT_TEAM = XF4JK5557K;
				GENERATE_INFOPLIST_FILE = YES;
				IPHONEOS_DEPLOYMENT_TARGET = 17.5;
				MARKETING_VERSION = 1.0;
				PRODUCT_BUNDLE_IDENTIFIER = YuGiOhVIP.YuGiOhVIPTests;
				PRODUCT_NAME = "$(TARGET_NAME)";
				SWIFT_EMIT_LOC_STRINGS = NO;
				SWIFT_VERSION = 5.0;
				TARGETED_DEVICE_FAMILY = "1,2";
				TEST_HOST = "$(BUILT_PRODUCTS_DIR)/YuGiOhVIP.app/$(BUNDLE_EXECUTABLE_FOLDER_PATH)/YuGiOhVIP";
			};
			name = Release;
		};
		AA888CF52C86AC1A00332E89 /* Debug */ = {
			isa = XCBuildConfiguration;
			buildSettings = {
				CODE_SIGN_STYLE = Automatic;
				CURRENT_PROJECT_VERSION = 1;
				DEVELOPMENT_TEAM = XF4JK5557K;
				GENERATE_INFOPLIST_FILE = YES;
				MARKETING_VERSION = 1.0;
				PRODUCT_BUNDLE_IDENTIFIER = YuGiOhVIP.YuGiOhVIPUITests;
				PRODUCT_NAME = "$(TARGET_NAME)";
				SWIFT_EMIT_LOC_STRINGS = NO;
				SWIFT_VERSION = 5.0;
				TARGETED_DEVICE_FAMILY = "1,2";
				TEST_TARGET_NAME = YuGiOhVIP;
			};
			name = Debug;
		};
		AA888CF62C86AC1A00332E89 /* Release */ = {
			isa = XCBuildConfiguration;
			buildSettings = {
				CODE_SIGN_STYLE = Automatic;
				CURRENT_PROJECT_VERSION = 1;
				DEVELOPMENT_TEAM = XF4JK5557K;
				GENERATE_INFOPLIST_FILE = YES;
				MARKETING_VERSION = 1.0;
				PRODUCT_BUNDLE_IDENTIFIER = YuGiOhVIP.YuGiOhVIPUITests;
				PRODUCT_NAME = "$(TARGET_NAME)";
				SWIFT_EMIT_LOC_STRINGS = NO;
				SWIFT_VERSION = 5.0;
				TARGETED_DEVICE_FAMILY = "1,2";
				TEST_TARGET_NAME = YuGiOhVIP;
			};
			name = Release;
		};
/* End XCBuildConfiguration section */

/* Begin XCConfigurationList section */
		AA888CBF2C86AC1700332E89 /* Build configuration list for PBXProject "YuGiOhVIP" */ = {
			isa = XCConfigurationList;
			buildConfigurations = (
				AA888CEC2C86AC1A00332E89 /* Debug */,
				AA888CED2C86AC1A00332E89 /* Release */,
			);
			defaultConfigurationIsVisible = 0;
			defaultConfigurationName = Release;
		};
		AA888CEE2C86AC1A00332E89 /* Build configuration list for PBXNativeTarget "YuGiOhVIP" */ = {
			isa = XCConfigurationList;
			buildConfigurations = (
				AA888CEF2C86AC1A00332E89 /* Debug */,
				AA888CF02C86AC1A00332E89 /* Release */,
			);
			defaultConfigurationIsVisible = 0;
			defaultConfigurationName = Release;
		};
		AA888CF12C86AC1A00332E89 /* Build configuration list for PBXNativeTarget "YuGiOhVIPTests" */ = {
			isa = XCConfigurationList;
			buildConfigurations = (
				AA888CF22C86AC1A00332E89 /* Debug */,
				AA888CF32C86AC1A00332E89 /* Release */,
			);
			defaultConfigurationIsVisible = 0;
			defaultConfigurationName = Release;
		};
		AA888CF42C86AC1A00332E89 /* Build configuration list for PBXNativeTarget "YuGiOhVIPUITests" */ = {
			isa = XCConfigurationList;
			buildConfigurations = (
				AA888CF52C86AC1A00332E89 /* Debug */,
				AA888CF62C86AC1A00332E89 /* Release */,
			);
			defaultConfigurationIsVisible = 0;
			defaultConfigurationName = Release;
		};
/* End XCConfigurationList section */
	};
	rootObject = AA888CBC2C86AC1700332E89 /* Project object */;
}
